
Microsoft Visual Studio Solution File, Format Version 12.00
# Visual Studio Version 17
VisualStudioVersion = 17.7.34031.279
MinimumVisualStudioVersion = 10.0.40219.1
Project("{FAE04EC0-301F-11D3-BF4B-00C04F79EFBC}") = "Trabajo final int", "Trabajo final int\Trabajo final int.csproj", "{62F1C072-E755-4FEA-99A9-11E10E6DBAC4}"
EndProject
Project("{FAE04EC0-301F-11D3-BF4B-00C04F79EFBC}") = "Negocio", "Negocio\Negocio.csproj", "{7CFF6049-51B1-4EA9-BFFD-B911D24E821E}"
EndProject
Project("{FAE04EC0-301F-11D3-BF4B-00C04F79EFBC}") = "Datos", "Datos\Datos.csproj", "{1196027B-1306-43BF-B46F-687639FB8A2F}"
EndProject
Global
	GlobalSection(SolutionConfigurationPlatforms) = preSolution
		Debug|Any CPU = Debug|Any CPU
		Release|Any CPU = Release|Any CPU
	EndGlobalSection
	GlobalSection(ProjectConfigurationPlatforms) = postSolution
		{62F1C072-E755-4FEA-99A9-11E10E6DBAC4}.Debug|Any CPU.ActiveCfg = Debug|Any CPU
		{62F1C072-E755-4FEA-99A9-11E10E6DBAC4}.Debug|Any CPU.Build.0 = Debug|Any CPU
		{62F1C072-E755-4FEA-99A9-11E10E6DBAC4}.Release|Any CPU.ActiveCfg = Release|Any CPU
		{62F1C072-E755-4FEA-99A9-11E10E6DBAC4}.Release|Any CPU.Build.0 = Release|Any CPU
		{7CFF6049-51B1-4EA9-BFFD-B911D24E821E}.Debug|Any CPU.ActiveCfg = Debug|Any CPU
		{7CFF6049-51B1-4EA9-BFFD-B911D24E821E}.Debug|Any CPU.Build.0 = Debug|Any CPU
		{7CFF6049-51B1-4EA9-BFFD-B911D24E821E}.Release|Any CPU.ActiveCfg = Release|Any CPU
		{7CFF6049-51B1-4EA9-BFFD-B911D24E821E}.Release|Any CPU.Build.0 = Release|Any CPU
		{1196027B-1306-43BF-B46F-687639FB8A2F}.Debug|Any CPU.ActiveCfg = Debug|Any CPU
		{1196027B-1306-43BF-B46F-687639FB8A2F}.Debug|Any CPU.Build.0 = Debug|Any CPU
		{1196027B-1306-43BF-B46F-687639FB8A2F}.Release|Any CPU.ActiveCfg = Release|Any CPU
		{1196027B-1306-43BF-B46F-687639FB8A2F}.Release|Any CPU.Build.0 = Release|Any CPU
	EndGlobalSection
	GlobalSection(SolutionProperties) = preSolution
		HideSolutionNode = FALSE
	EndGlobalSection
	GlobalSection(ExtensibilityGlobals) = postSolution
		SolutionGuid = {CD84B138-63F7-4319-9F5B-956A97ACC9A8}
	EndGlobalSection
EndGlobal
